
Microsoft Visual Studio Solution File, Format Version 12.00
# Visual Studio Version 17
VisualStudioVersion = 17.9.34902.65
MinimumVisualStudioVersion = 10.0.40219.1
Project("{FAE04EC0-301F-11D3-BF4B-00C04F79EFBC}") = "MastermindV1", "MastermindV1.csproj", "{DC4C34EA-3895-4F77-9A47-DE5DF9B78046}"
EndProject
Global
	GlobalSection(SolutionConfigurationPlatforms) = preSolution
		Debug|Any CPU = Debug|Any CPU
		Release|Any CPU = Release|Any CPU
	EndGlobalSection
	GlobalSection(ProjectConfigurationPlatforms) = postSolution
		{DC4C34EA-3895-4F77-9A47-DE5DF9B78046}.Debug|Any CPU.ActiveCfg = Debug|Any CPU
		{DC4C34EA-3895-4F77-9A47-DE5DF9B78046}.Debug|Any CPU.Build.0 = Debug|Any CPU
		{DC4C34EA-3895-4F77-9A47-DE5DF9B78046}.Release|Any CPU.ActiveCfg = Release|Any CPU
		{DC4C34EA-3895-4F77-9A47-DE5DF9B78046}.Release|Any CPU.Build.0 = Release|Any CPU
	EndGlobalSection
	GlobalSection(SolutionProperties) = preSolution
		HideSolutionNode = FALSE
	EndGlobalSection
	GlobalSection(ExtensibilityGlobals) = postSolution
		SolutionGuid = {C06EB712-AA4F-4075-AAE7-B67A1631C802}
	EndGlobalSection
EndGlobal
